// !$*UTF8*$!
{
	archiveVersion = 1;
	classes = {
	};
	objectVersion = 50;
	objects = {

/* Begin PBXFileReference section */
		507A2E2826D3B77A001BC8F6 /* Patterns */ = {isa = PBXFileReference; lastKnownFileType = folder; path = Patterns; sourceTree = "<group>"; };
/* End PBXFileReference section */

/* Begin PBXGroup section */
		507A2E2126D3B756001BC8F6 = {
			isa = PBXGroup;
			children = (
				507A2E2826D3B77A001BC8F6 /* Patterns */,
			);
			sourceTree = "<group>";
		};
/* End PBXGroup section */

/* Begin PBXProject section */
		507A2E2226D3B756001BC8F6 /* Project object */ = {
			isa = PBXProject;
			attributes = {
				LastUpgradeCheck = 1250;
			};
			buildConfigurationList = 507A2E2526D3B756001BC8F6 /* Build configuration list for PBXProject "Design patterns" */;
			compatibilityVersion = "Xcode 9.3";
			developmentRegion = en;
			hasScannedForEncodings = 0;
			knownRegions = (
				en,
				Base,
			);
			mainGroup = 507A2E2126D3B756001BC8F6;
			projectDirPath = "";
			projectRoot = "";
			targets = (
			);
		};
/* End PBXProject section */

/* Begin XCBuildConfiguration section */
		507A2E2626D3B756001BC8F6 /* Debug */ = {
			isa = XCBuildConfiguration;
			buildSettings = {
			};
			name = Debug;
		};
		507A2E2726D3B756001BC8F6 /* Release */ = {
			isa = XCBuildConfiguration;
			buildSettings = {
			};
			name = Release;
		};
/* End XCBuildConfiguration section */

/* Begin XCConfigurationList section */
		507A2E2526D3B756001BC8F6 /* Build configuration list for PBXProject "Design patterns" */ = {
			isa = XCConfigurationList;
			buildConfigurations = (
				507A2E2626D3B756001BC8F6 /* Debug */,
				507A2E2726D3B756001BC8F6 /* Release */,
			);
			defaultConfigurationIsVisible = 0;
			defaultConfigurationName = Release;
		};
/* End XCConfigurationList section */
	};
	rootObject = 507A2E2226D3B756001BC8F6 /* Project object */;
}
