// !$*UTF8*$!
{
	archiveVersion = 1;
	classes = {
	};
	objectVersion = 50;
	objects = {

/* Begin PBXFileReference section */
		5024DE6E26D937C200A12C0D /* CompositeNeuralNetworks.swift */ = {isa = PBXFileReference; lastKnownFileType = sourcecode.swift; path = CompositeNeuralNetworks.swift; sourceTree = "<group>"; };
		5024DE6F26D93BEF00A12C0D /* MultipleInheritance.swift */ = {isa = PBXFileReference; lastKnownFileType = sourcecode.swift; path = MultipleInheritance.swift; sourceTree = "<group>"; };
		5024DE7026D93E5D00A12C0D /* DynamicDecorator.swift */ = {isa = PBXFileReference; lastKnownFileType = sourcecode.swift; path = DynamicDecorator.swift; sourceTree = "<group>"; };
		5024DE7126D940F400A12C0D /* StaticDecorator.swift */ = {isa = PBXFileReference; lastKnownFileType = sourcecode.swift; path = StaticDecorator.swift; sourceTree = "<group>"; };
		5024DE7226D944D600A12C0D /* FlyweightTextFormatting.swift */ = {isa = PBXFileReference; lastKnownFileType = sourcecode.swift; path = FlyweightTextFormatting.swift; sourceTree = "<group>"; };
		5024DE7326D9561700A12C0D /* PropertyProxy.swift */ = {isa = PBXFileReference; lastKnownFileType = sourcecode.swift; path = PropertyProxy.swift; sourceTree = "<group>"; };
		507A2E2926D3BA02001BC8F6 /* README.md */ = {isa = PBXFileReference; lastKnownFileType = net.daringfireball.markdown; path = README.md; sourceTree = "<group>"; };
		50A49EFA26D7E01F004D5EBD /* NoCacheAdapter.swift */ = {isa = PBXFileReference; lastKnownFileType = sourcecode.swift; path = NoCacheAdapter.swift; sourceTree = "<group>"; };
		50A49EFB26D7E074004D5EBD /* Bridge.swift */ = {isa = PBXFileReference; lastKnownFileType = sourcecode.swift; path = Bridge.swift; sourceTree = "<group>"; };
		50A49EFC26D7E08D004D5EBD /* Composite.swift */ = {isa = PBXFileReference; lastKnownFileType = sourcecode.swift; path = Composite.swift; sourceTree = "<group>"; };
		50A49EFD26D7E094004D5EBD /* CodeBuilder.swift */ = {isa = PBXFileReference; lastKnownFileType = sourcecode.swift; path = CodeBuilder.swift; sourceTree = "<group>"; };
		50A49EFE26D7E0A0004D5EBD /* Facade.swift */ = {isa = PBXFileReference; lastKnownFileType = sourcecode.swift; path = Facade.swift; sourceTree = "<group>"; };
		50A49EFF26D7E0AE004D5EBD /* FlyweightUsers.swift */ = {isa = PBXFileReference; lastKnownFileType = sourcecode.swift; path = FlyweightUsers.swift; sourceTree = "<group>"; };
		50A49F0026D7E0B6004D5EBD /* ProtectionProxy.swift */ = {isa = PBXFileReference; lastKnownFileType = sourcecode.swift; path = ProtectionProxy.swift; sourceTree = "<group>"; };
		50A49F1126D7EE07004D5EBD /* Builder.swift */ = {isa = PBXFileReference; lastKnownFileType = sourcecode.swift; path = Builder.swift; sourceTree = "<group>"; };
		50A49F1226D7EE07004D5EBD /* BuilderFacets.swift */ = {isa = PBXFileReference; lastKnownFileType = sourcecode.swift; path = BuilderFacets.swift; sourceTree = "<group>"; };
		50A49F1326D7EE0D004D5EBD /* Factory.swift */ = {isa = PBXFileReference; lastKnownFileType = sourcecode.swift; path = Factory.swift; sourceTree = "<group>"; };
		50A49F1426D7EE0D004D5EBD /* AbstractFactory.swift */ = {isa = PBXFileReference; lastKnownFileType = sourcecode.swift; path = AbstractFactory.swift; sourceTree = "<group>"; };
		50A49F1526D7EE17004D5EBD /* DeepCopying.swift */ = {isa = PBXFileReference; lastKnownFileType = sourcecode.swift; path = DeepCopying.swift; sourceTree = "<group>"; };
		50A49F1626D7EE17004D5EBD /* Copying.swift */ = {isa = PBXFileReference; lastKnownFileType = sourcecode.swift; path = Copying.swift; sourceTree = "<group>"; };
		50A49F1726D7EE1D004D5EBD /* Singleton.swift */ = {isa = PBXFileReference; lastKnownFileType = sourcecode.swift; path = Singleton.swift; sourceTree = "<group>"; };
		50A49F1826D7EE1D004D5EBD /* Monostate.swift */ = {isa = PBXFileReference; lastKnownFileType = sourcecode.swift; path = Monostate.swift; sourceTree = "<group>"; };
		50A49F1A26D7EE49004D5EBD /* DIP.swift */ = {isa = PBXFileReference; lastKnownFileType = sourcecode.swift; path = DIP.swift; sourceTree = "<group>"; };
		50A49F1B26D7EE49004D5EBD /* OCP.swift */ = {isa = PBXFileReference; lastKnownFileType = sourcecode.swift; path = OCP.swift; sourceTree = "<group>"; };
		50A49F1C26D7EE49004D5EBD /* SRP.swift */ = {isa = PBXFileReference; lastKnownFileType = sourcecode.swift; path = SRP.swift; sourceTree = "<group>"; };
		50A49F1D26D7EE49004D5EBD /* LSP.swift */ = {isa = PBXFileReference; lastKnownFileType = sourcecode.swift; path = LSP.swift; sourceTree = "<group>"; };
		50A49F1E26D7EE49004D5EBD /* ISP.swift */ = {isa = PBXFileReference; lastKnownFileType = sourcecode.swift; path = ISP.swift; sourceTree = "<group>"; };
		50A49F1F26D7F074004D5EBD /* CacheAdapter.swift */ = {isa = PBXFileReference; lastKnownFileType = sourcecode.swift; path = CacheAdapter.swift; sourceTree = "<group>"; };
/* End PBXFileReference section */

/* Begin PBXGroup section */
		5019CBCC26DBCE5A00AB5E41 /* Structural */ = {
			isa = PBXGroup;
			children = (
				5019CBD826DBCF6F00AB5E41 /* Visitor */,
				5019CBD726DBCF2500AB5E41 /* Template */,
				5019CBD626DBCF1800AB5E41 /* Strategy */,
				5019CBD526DBCED200AB5E41 /* State */,
				5019CBD426DBCECC00AB5E41 /* Observer */,
				5019CBD326DBCEB800AB5E41 /* NullObject */,
				5019CBD226DBCEB000AB5E41 /* Memento */,
				5019CBD126DBCE9C00AB5E41 /* Mediator */,
				5019CBD026DBCE9300AB5E41 /* Iterator */,
				5019CBCF26DBCE8500AB5E41 /* Interpreter */,
				5019CBCE26DBCE7500AB5E41 /* Command */,
				5019CBCD26DBCE6700AB5E41 /* ChainOfResponsibility */,
			);
			path = Structural;
			sourceTree = "<group>";
		};
		5019CBCD26DBCE6700AB5E41 /* ChainOfResponsibility */ = {
			isa = PBXGroup;
			children = (
			);
			path = ChainOfResponsibility;
			sourceTree = "<group>";
		};
		5019CBCE26DBCE7500AB5E41 /* Command */ = {
			isa = PBXGroup;
			children = (
			);
			path = Command;
			sourceTree = "<group>";
		};
		5019CBCF26DBCE8500AB5E41 /* Interpreter */ = {
			isa = PBXGroup;
			children = (
			);
			path = Interpreter;
			sourceTree = "<group>";
		};
		5019CBD026DBCE9300AB5E41 /* Iterator */ = {
			isa = PBXGroup;
			children = (
			);
			path = Iterator;
			sourceTree = "<group>";
		};
		5019CBD126DBCE9C00AB5E41 /* Mediator */ = {
			isa = PBXGroup;
			children = (
			);
			path = Mediator;
			sourceTree = "<group>";
		};
		5019CBD226DBCEB000AB5E41 /* Memento */ = {
			isa = PBXGroup;
			children = (
			);
			path = Memento;
			sourceTree = "<group>";
		};
		5019CBD326DBCEB800AB5E41 /* NullObject */ = {
			isa = PBXGroup;
			children = (
			);
			path = NullObject;
			sourceTree = "<group>";
		};
		5019CBD426DBCECC00AB5E41 /* Observer */ = {
			isa = PBXGroup;
			children = (
			);
			path = Observer;
			sourceTree = "<group>";
		};
		5019CBD526DBCED200AB5E41 /* State */ = {
			isa = PBXGroup;
			children = (
			);
			path = State;
			sourceTree = "<group>";
		};
		5019CBD626DBCF1800AB5E41 /* Strategy */ = {
			isa = PBXGroup;
			children = (
			);
			path = Strategy;
			sourceTree = "<group>";
		};
		5019CBD726DBCF2500AB5E41 /* Template */ = {
			isa = PBXGroup;
			children = (
			);
			path = Template;
			sourceTree = "<group>";
		};
		5019CBD826DBCF6F00AB5E41 /* Visitor */ = {
			isa = PBXGroup;
			children = (
			);
			path = Visitor;
			sourceTree = "<group>";
		};
		507A2E2126D3B756001BC8F6 = {
			isa = PBXGroup;
			children = (
				507A2E2926D3BA02001BC8F6 /* README.md */,
				50A49F1926D7EE33004D5EBD /* SOLID */,
				50A49F0126D7ED2E004D5EBD /* Creational */,
				50A49EF926D7E003004D5EBD /* Behavioral */,
				5019CBCC26DBCE5A00AB5E41 /* Structural */,
			);
			sourceTree = "<group>";
		};
		50A49EF926D7E003004D5EBD /* Behavioral */ = {
			isa = PBXGroup;
			children = (
				50A49F0C26D7EDC1004D5EBD /* Proxy */,
				50A49F0B26D7EDB7004D5EBD /* Flyweight */,
				50A49F0A26D7EDAF004D5EBD /* Facade */,
				50A49F0926D7EDA0004D5EBD /* Decorator */,
				50A49F0826D7ED95004D5EBD /* Composite */,
				50A49F0726D7ED8D004D5EBD /* Bridge */,
				50A49F0626D7ED83004D5EBD /* Adapter */,
			);
			path = Behavioral;
			sourceTree = "<group>";
		};
		50A49F0126D7ED2E004D5EBD /* Creational */ = {
			isa = PBXGroup;
			children = (
				50A49F1026D7EDFE004D5EBD /* Singleton */,
				50A49F0F26D7EDF7004D5EBD /* Prototype */,
				50A49F0E26D7EDED004D5EBD /* Factory */,
				50A49F0D26D7EDE7004D5EBD /* Builder */,
			);
			path = Creational;
			sourceTree = "<group>";
		};
		50A49F0626D7ED83004D5EBD /* Adapter */ = {
			isa = PBXGroup;
			children = (
				50A49EFA26D7E01F004D5EBD /* NoCacheAdapter.swift */,
				50A49F1F26D7F074004D5EBD /* CacheAdapter.swift */,
			);
			path = Adapter;
			sourceTree = "<group>";
		};
		50A49F0726D7ED8D004D5EBD /* Bridge */ = {
			isa = PBXGroup;
			children = (
				50A49EFB26D7E074004D5EBD /* Bridge.swift */,
			);
			path = Bridge;
			sourceTree = "<group>";
		};
		50A49F0826D7ED95004D5EBD /* Composite */ = {
			isa = PBXGroup;
			children = (
				50A49EFC26D7E08D004D5EBD /* Composite.swift */,
				5024DE6E26D937C200A12C0D /* CompositeNeuralNetworks.swift */,
			);
			path = Composite;
			sourceTree = "<group>";
		};
		50A49F0926D7EDA0004D5EBD /* Decorator */ = {
			isa = PBXGroup;
			children = (
				50A49EFD26D7E094004D5EBD /* CodeBuilder.swift */,
				5024DE6F26D93BEF00A12C0D /* MultipleInheritance.swift */,
				5024DE7026D93E5D00A12C0D /* DynamicDecorator.swift */,
				5024DE7126D940F400A12C0D /* StaticDecorator.swift */,
			);
			path = Decorator;
			sourceTree = "<group>";
		};
		50A49F0A26D7EDAF004D5EBD /* Facade */ = {
			isa = PBXGroup;
			children = (
				50A49EFE26D7E0A0004D5EBD /* Facade.swift */,
			);
			path = Facade;
			sourceTree = "<group>";
		};
		50A49F0B26D7EDB7004D5EBD /* Flyweight */ = {
			isa = PBXGroup;
			children = (
				50A49EFF26D7E0AE004D5EBD /* FlyweightUsers.swift */,
				5024DE7226D944D600A12C0D /* FlyweightTextFormatting.swift */,
			);
			path = Flyweight;
			sourceTree = "<group>";
		};
		50A49F0C26D7EDC1004D5EBD /* Proxy */ = {
			isa = PBXGroup;
			children = (
				50A49F0026D7E0B6004D5EBD /* ProtectionProxy.swift */,
				5024DE7326D9561700A12C0D /* PropertyProxy.swift */,
			);
			path = Proxy;
			sourceTree = "<group>";
		};
		50A49F0D26D7EDE7004D5EBD /* Builder */ = {
			isa = PBXGroup;
			children = (
				50A49F1126D7EE07004D5EBD /* Builder.swift */,
				50A49F1226D7EE07004D5EBD /* BuilderFacets.swift */,
			);
			path = Builder;
			sourceTree = "<group>";
		};
		50A49F0E26D7EDED004D5EBD /* Factory */ = {
			isa = PBXGroup;
			children = (
				50A49F1426D7EE0D004D5EBD /* AbstractFactory.swift */,
				50A49F1326D7EE0D004D5EBD /* Factory.swift */,
			);
			path = Factory;
			sourceTree = "<group>";
		};
		50A49F0F26D7EDF7004D5EBD /* Prototype */ = {
			isa = PBXGroup;
			children = (
				50A49F1626D7EE17004D5EBD /* Copying.swift */,
				50A49F1526D7EE17004D5EBD /* DeepCopying.swift */,
			);
			path = Prototype;
			sourceTree = "<group>";
		};
		50A49F1026D7EDFE004D5EBD /* Singleton */ = {
			isa = PBXGroup;
			children = (
				50A49F1826D7EE1D004D5EBD /* Monostate.swift */,
				50A49F1726D7EE1D004D5EBD /* Singleton.swift */,
			);
			path = Singleton;
			sourceTree = "<group>";
		};
		50A49F1926D7EE33004D5EBD /* SOLID */ = {
			isa = PBXGroup;
			children = (
				50A49F1A26D7EE49004D5EBD /* DIP.swift */,
				50A49F1E26D7EE49004D5EBD /* ISP.swift */,
				50A49F1D26D7EE49004D5EBD /* LSP.swift */,
				50A49F1B26D7EE49004D5EBD /* OCP.swift */,
				50A49F1C26D7EE49004D5EBD /* SRP.swift */,
			);
			path = SOLID;
			sourceTree = "<group>";
		};
/* End PBXGroup section */

/* Begin PBXProject section */
		507A2E2226D3B756001BC8F6 /* Project object */ = {
			isa = PBXProject;
			attributes = {
				LastUpgradeCheck = 1250;
			};
			buildConfigurationList = 507A2E2526D3B756001BC8F6 /* Build configuration list for PBXProject "Design patterns" */;
			compatibilityVersion = "Xcode 9.3";
			developmentRegion = en;
			hasScannedForEncodings = 0;
			knownRegions = (
				en,
				Base,
			);
			mainGroup = 507A2E2126D3B756001BC8F6;
			projectDirPath = "";
			projectRoot = "";
			targets = (
			);
		};
/* End PBXProject section */

/* Begin XCBuildConfiguration section */
		507A2E2626D3B756001BC8F6 /* Debug */ = {
			isa = XCBuildConfiguration;
			buildSettings = {
			};
			name = Debug;
		};
		507A2E2726D3B756001BC8F6 /* Release */ = {
			isa = XCBuildConfiguration;
			buildSettings = {
			};
			name = Release;
		};
/* End XCBuildConfiguration section */

/* Begin XCConfigurationList section */
		507A2E2526D3B756001BC8F6 /* Build configuration list for PBXProject "Design patterns" */ = {
			isa = XCConfigurationList;
			buildConfigurations = (
				507A2E2626D3B756001BC8F6 /* Debug */,
				507A2E2726D3B756001BC8F6 /* Release */,
			);
			defaultConfigurationIsVisible = 0;
			defaultConfigurationName = Release;
		};
/* End XCConfigurationList section */
	};
	rootObject = 507A2E2226D3B756001BC8F6 /* Project object */;
}
